lockfileVersion: 5.4

specifiers:
  svgmoji: ^3.2.0

dependencies:
  svgmoji: 3.2.0

packages:

  /@babel/runtime/7.19.0:
    resolution: {integrity: sha512-eR8Lo9hnDS7tqkO7NsV+mKvCmv5boaXFSZ70DnfhcgiEne8hv9oCEd36Klw74EtizEqLsy4YnW8UWwpBVolHZA==}
    engines: {node: '>=6.9.0'}
    dependencies:
      regenerator-runtime: 0.13.9
    dev: false

  /@svgmoji/blob/3.2.0:
    resolution: {integrity: sha512-N96WOrH9GxPSPZ/FuvZl6T9Rh54stAEuUcBppIRFh9/WwkU7Hczrjabw4uunwxFLX5TgR+rHlKJl3/jaTnXJrQ==}
    dependencies:
      '@babel/runtime': 7.19.0
      '@svgmoji/core': 3.2.0
    dev: false

  /@svgmoji/core/3.2.0:
    resolution: {integrity: sha512-QsD78Op3S/5kUVsa5ierr4Wu/xwAdYuMI3Zmc/Y2ekYBEMGEUY8QxilXQRSAQ4ku4PnNV4xlB9e7xhD5hy113A==}
    dependencies:
      '@babel/runtime': 7.19.0
      emojibase: 5.2.0
      emojibase-regex: 5.1.3
      idb-keyval: 5.1.5
      match-sorter: 6.3.1
      type-fest: 1.4.0
    dev: false

  /@svgmoji/noto/3.2.0:
    resolution: {integrity: sha512-JgtNciB06hMDI1Pb1N2IgLh44XRMZUUNwBANzjY5jXTPqOCu1A1VA35ENvUsRhEUZOm8I+hbdAEHkwMVqxLeIQ==}
    dependencies:
      '@babel/runtime': 7.19.0
      '@svgmoji/core': 3.2.0
    dev: false

  /@svgmoji/openmoji/3.2.0:
    resolution: {integrity: sha512-USHbG+O80HfmdoNAHbOnlO+2gppXJfHFWKSRFj53Th4aimWEx4/9MB3cFbC3KZ1NOqXaLBq9jDaw4vFuGDVTUQ==}
    dependencies:
      '@babel/runtime': 7.19.0
      '@svgmoji/core': 3.2.0
    dev: false

  /@svgmoji/twemoji/3.2.0:
    resolution: {integrity: sha512-6xqZgh9viFDKf5wvrxw56ImCR3Ni84IqwK45lxojOe1Gc1Mni1GpPfr4gb7WHDKjumfx+K7BHSvX0KXt3Nr3CQ==}
    dependencies:
      '@babel/runtime': 7.19.0
      '@svgmoji/core': 3.2.0
    dev: false

  /emojibase-regex/5.1.3:
    resolution: {integrity: sha512-gT8T9LxLA8VJdI+8KQtyykB9qKzd7WuUL3M2yw6y9tplFeufOUANg3UKVaKUvkMcRNvZsSElWhxcJrx8WPE12g==}
    dev: false

  /emojibase/5.2.0:
    resolution: {integrity: sha512-5T02oTJaWpScAtYbukKVc8vQ1367MyfVtFHUMoOVZ9/r1kFcbYqjSktD56TICBAeyW9uc1t+7qQuXEtntM6p5A==}
    dev: false

  /idb-keyval/5.1.5:
    resolution: {integrity: sha512-J1utxYWQokYjy01LvDQ7WmiAtZCGUSkVi9EIBfUSyLOr/BesnMIxNGASTh9A1LzeISSjSqEPsfFdTss7EE7ofQ==}
    dependencies:
      safari-14-idb-fix: 1.0.6
    dev: false

  /match-sorter/6.3.1:
    resolution: {integrity: sha512-mxybbo3pPNuA+ZuCUhm5bwNkXrJTbsk5VWbR5wiwz/GC6LIiegBGn2w3O08UG/jdbYLinw51fSQ5xNU1U3MgBw==}
    dependencies:
      '@babel/runtime': 7.19.0
      remove-accents: 0.4.2
    dev: false

  /regenerator-runtime/0.13.9:
    resolution: {integrity: sha512-p3VT+cOEgxFsRRA9X4lkI1E+k2/CtnKtU4gcxyaCUreilL/vqI6CdZ3wxVUx3UOUg+gnUOQQcRI7BmSI656MYA==}
    dev: false

  /remove-accents/0.4.2:
    resolution: {integrity: sha512-7pXIJqJOq5tFgG1A2Zxti3Ht8jJF337m4sowbuHsW30ZnkQFnDzy9qBNhgzX8ZLW4+UBcXiiR7SwR6pokHsxiA==}
    dev: false

  /safari-14-idb-fix/1.0.6:
    resolution: {integrity: sha512-oTEQOdMwRX+uCtWCKT1nx2gAeSdpr8elg/2gcaKUH00SJU2xWESfkx11nmXwTRHy7xfQoj1o4TTQvdmuBosTnA==}
    dev: false

  /svgmoji/3.2.0:
    resolution: {integrity: sha512-tjmdQhIju2ZQ81FLBlPngg1aWMOhQjP9ErXb2ROikM0aBGA/hqI0/DN/5J0sDsXzJPHmODpSFhWfiSsUieU3bA==}
    dependencies:
      '@babel/runtime': 7.19.0
      '@svgmoji/blob': 3.2.0
      '@svgmoji/core': 3.2.0
      '@svgmoji/noto': 3.2.0
      '@svgmoji/openmoji': 3.2.0
      '@svgmoji/twemoji': 3.2.0
    dev: false

  /type-fest/1.4.0:
    resolution: {integrity: sha512-yGSza74xk0UG8k+pLh5oeoYirvIiWo5t0/o3zHHAO2tRDiZcxWP7fywNlXhqb6/r6sWvwi+RsyQMWhVLe4BVuA==}
    engines: {node: '>=10'}
    dev: false
